
Microsoft Visual Studio Solution File, Format Version 12.00
# Visual Studio Version 17
VisualStudioVersion = 17.10.35122.118
MinimumVisualStudioVersion = 10.0.40219.1
Project("{6EC3EE1D-3C4E-46DD-8F32-0CC8E7565705}") = "RayTracer", "RayTracer\RayTracer.fsproj", "{E72A4D79-BB65-41FB-AB84-77E4D720F198}"
EndProject
Project("{F2A71F9B-5D33-465A-A702-920D77279786}") = "RayTracer.Sample", "RayTracer.Sample\RayTracer.Sample.fsproj", "{D0313AF9-D0BA-461A-A15B-25E4EA29189A}"
EndProject
Global
	GlobalSection(SolutionConfigurationPlatforms) = preSolution
		Debug|Any CPU = Debug|Any CPU
		Release|Any CPU = Release|Any CPU
	EndGlobalSection
	GlobalSection(ProjectConfigurationPlatforms) = postSolution
		{E72A4D79-BB65-41FB-AB84-77E4D720F198}.Debug|Any CPU.ActiveCfg = Debug|Any CPU
		{E72A4D79-BB65-41FB-AB84-77E4D720F198}.Debug|Any CPU.Build.0 = Debug|Any CPU
		{E72A4D79-BB65-41FB-AB84-77E4D720F198}.Release|Any CPU.ActiveCfg = Release|Any CPU
		{E72A4D79-BB65-41FB-AB84-77E4D720F198}.Release|Any CPU.Build.0 = Release|Any CPU
		{D0313AF9-D0BA-461A-A15B-25E4EA29189A}.Debug|Any CPU.ActiveCfg = Debug|Any CPU
		{D0313AF9-D0BA-461A-A15B-25E4EA29189A}.Debug|Any CPU.Build.0 = Debug|Any CPU
		{D0313AF9-D0BA-461A-A15B-25E4EA29189A}.Release|Any CPU.ActiveCfg = Release|Any CPU
		{D0313AF9-D0BA-461A-A15B-25E4EA29189A}.Release|Any CPU.Build.0 = Release|Any CPU
	EndGlobalSection
	GlobalSection(SolutionProperties) = preSolution
		HideSolutionNode = FALSE
	EndGlobalSection
	GlobalSection(ExtensibilityGlobals) = postSolution
		SolutionGuid = {D2B14FF3-5E94-4797-A241-56EE6054B022}
	EndGlobalSection
EndGlobal
